
Microsoft Visual Studio Solution File, Format Version 12.00
# Visual Studio Version 17
VisualStudioVersion = 17.13.35931.197 d17.13
MinimumVisualStudioVersion = 10.0.40219.1
Project("{FAE04EC0-301F-11D3-BF4B-00C04F79EFBC}") = "PR-12", "PR-12\PR-12.csproj", "{C0BCD882-734C-4735-A143-642ABBC1BC2B}"
EndProject
Global
	GlobalSection(SolutionConfigurationPlatforms) = preSolution
		Debug|Any CPU = Debug|Any CPU
		Release|Any CPU = Release|Any CPU
	EndGlobalSection
	GlobalSection(ProjectConfigurationPlatforms) = postSolution
		{C0BCD882-734C-4735-A143-642ABBC1BC2B}.Debug|Any CPU.ActiveCfg = Debug|Any CPU
		{C0BCD882-734C-4735-A143-642ABBC1BC2B}.Debug|Any CPU.Build.0 = Debug|Any CPU
		{C0BCD882-734C-4735-A143-642ABBC1BC2B}.Release|Any CPU.ActiveCfg = Release|Any CPU
		{C0BCD882-734C-4735-A143-642ABBC1BC2B}.Release|Any CPU.Build.0 = Release|Any CPU
	EndGlobalSection
	GlobalSection(SolutionProperties) = preSolution
		HideSolutionNode = FALSE
	EndGlobalSection
	GlobalSection(ExtensibilityGlobals) = postSolution
		SolutionGuid = {4D37372E-8FF8-4B1A-ACCD-99190C4A479F}
	EndGlobalSection
EndGlobal
