
Microsoft Visual Studio Solution File, Format Version 12.00
# Visual Studio Version 17
VisualStudioVersion = 17.13.35931.197
MinimumVisualStudioVersion = 10.0.40219.1
Project("{FAE04EC0-301F-11D3-BF4B-00C04F79EFBC}") = "PR-11", "PR-11\PR-11.csproj", "{1FDEF98F-D87C-4F22-AA67-34DBBCBF2AF5}"
EndProject
Global
	GlobalSection(SolutionConfigurationPlatforms) = preSolution
		Debug|Any CPU = Debug|Any CPU
		Release|Any CPU = Release|Any CPU
	EndGlobalSection
	GlobalSection(ProjectConfigurationPlatforms) = postSolution
		{1FDEF98F-D87C-4F22-AA67-34DBBCBF2AF5}.Debug|Any CPU.ActiveCfg = Debug|Any CPU
		{1FDEF98F-D87C-4F22-AA67-34DBBCBF2AF5}.Debug|Any CPU.Build.0 = Debug|Any CPU
		{1FDEF98F-D87C-4F22-AA67-34DBBCBF2AF5}.Release|Any CPU.ActiveCfg = Release|Any CPU
		{1FDEF98F-D87C-4F22-AA67-34DBBCBF2AF5}.Release|Any CPU.Build.0 = Release|Any CPU
	EndGlobalSection
	GlobalSection(SolutionProperties) = preSolution
		HideSolutionNode = FALSE
	EndGlobalSection
	GlobalSection(ExtensibilityGlobals) = postSolution
		SolutionGuid = {C5640CEA-A655-4A6A-BBE1-7498D019058C}
	EndGlobalSection
EndGlobal
