
Microsoft Visual Studio Solution File, Format Version 12.00
# Visual Studio Version 17
VisualStudioVersion = 17.13.35931.197 d17.13
MinimumVisualStudioVersion = 10.0.40219.1
Project("{FAE04EC0-301F-11D3-BF4B-00C04F79EFBC}") = "PR-15", "PR-15\PR-15.csproj", "{71A5D8F0-B57B-42DD-893E-01BE4AEEA1CC}"
EndProject
Global
	GlobalSection(SolutionConfigurationPlatforms) = preSolution
		Debug|Any CPU = Debug|Any CPU
		Release|Any CPU = Release|Any CPU
	EndGlobalSection
	GlobalSection(ProjectConfigurationPlatforms) = postSolution
		{71A5D8F0-B57B-42DD-893E-01BE4AEEA1CC}.Debug|Any CPU.ActiveCfg = Debug|Any CPU
		{71A5D8F0-B57B-42DD-893E-01BE4AEEA1CC}.Debug|Any CPU.Build.0 = Debug|Any CPU
		{71A5D8F0-B57B-42DD-893E-01BE4AEEA1CC}.Release|Any CPU.ActiveCfg = Release|Any CPU
		{71A5D8F0-B57B-42DD-893E-01BE4AEEA1CC}.Release|Any CPU.Build.0 = Release|Any CPU
	EndGlobalSection
	GlobalSection(SolutionProperties) = preSolution
		HideSolutionNode = FALSE
	EndGlobalSection
	GlobalSection(ExtensibilityGlobals) = postSolution
		SolutionGuid = {8F9D3113-4072-42C8-80EA-99D3E19C43B1}
	EndGlobalSection
EndGlobal
